{
  "version": "3",
  "packages": {
    "specifiers": {
      "npm:express@4.17.1": "npm:express@4.17.1",
      "npm:socket.io@4.7.2": "npm:socket.io@4.7.2"
    },
    "npm": {
      "@socket.io/component-emitter@3.1.0": {
        "integrity": "sha512-+9jVqKhRSpsc591z5vX+X5Yyw+he/HCB4iQ/RYxw35CEPaY1gnsNE43nf9n9AaYjAQrTiI/mOwKUKdUs9vf7Xg==",
        "dependencies": {}
      },
      "@types/cookie@0.4.1": {
        "integrity": "sha512-XW/Aa8APYr6jSVVA1y/DEIZX0/GMKLEVekNG727R8cs56ahETkRAy/3DR7+fJyh7oUgGwNQaRfXCun0+KbWY7Q==",
        "dependencies": {}
      },
      "@types/cors@2.8.17": {
        "integrity": "sha512-8CGDvrBj1zgo2qE+oS3pOCyYNqCPryMWY2bGfwA0dcfopWGgxs+78df0Rs3rc9THP4JkOhLsAa+15VdpAqkcUA==",
        "dependencies": {
          "@types/node": "@types/node@18.16.19"
        }
      },
      "@types/node@18.16.19": {
        "integrity": "sha512-IXl7o+R9iti9eBW4Wg2hx1xQDig183jj7YLn8F7udNceyfkbn1ZxmzZXuak20gR40D7pIkIY1kYGx5VIGbaHKA==",
        "dependencies": {}
      },
      "@types/node@20.10.5": {
        "integrity": "sha512-nNPsNE65wjMxEKI93yOP+NPGGBJz/PoN3kZsVLee0XMiJolxSekEVD8wRwBUBqkwc7UWop0edW50yrCQW4CyRw==",
        "dependencies": {
          "undici-types": "undici-types@5.26.5"
        }
      },
      "accepts@1.3.8": {
        "integrity": "sha512-PYAthTa2m2VKxuvSD3DPC/Gy+U+sOA1LAuT8mkmRuvw+NACSaeXEQ+NHcVF7rONl6qcaxV3Uuemwawk+7+SJLw==",
        "dependencies": {
          "mime-types": "mime-types@2.1.35",
          "negotiator": "negotiator@0.6.3"
        }
      },
      "array-flatten@1.1.1": {
        "integrity": "sha512-PCVAQswWemu6UdxsDFFX/+gVeYqKAod3D3UVm91jHwynguOwAvYPhx8nNlM++NqRcK6CxxpUafjmhIdKiHibqg==",
        "dependencies": {}
      },
      "base64id@2.0.0": {
        "integrity": "sha512-lGe34o6EHj9y3Kts9R4ZYs/Gr+6N7MCaMlIFA3F1R2O5/m7K06AxfSeO5530PEERE6/WyEg3lsuyw4GHlPZHog==",
        "dependencies": {}
      },
      "body-parser@1.19.0": {
        "integrity": "sha512-dhEPs72UPbDnAQJ9ZKMNTP6ptJaionhP5cBb541nXPlW60Jepo9RV/a4fX4XWW9CuFNK22krhrj1+rgzifNCsw==",
        "dependencies": {
          "bytes": "bytes@3.1.0",
          "content-type": "content-type@1.0.5",
          "debug": "debug@2.6.9",
          "depd": "depd@1.1.2",
          "http-errors": "http-errors@1.7.2",
          "iconv-lite": "iconv-lite@0.4.24",
          "on-finished": "on-finished@2.3.0",
          "qs": "qs@6.7.0",
          "raw-body": "raw-body@2.4.0",
          "type-is": "type-is@1.6.18"
        }
      },
      "bytes@3.1.0": {
        "integrity": "sha512-zauLjrfCG+xvoyaqLoV8bLVXXNGC4JqlxFCutSDWA6fJrTo2ZuvLYTqZ7aHBLZSMOopbzwv8f+wZcVzfVTI2Dg==",
        "dependencies": {}
      },
      "content-disposition@0.5.3": {
        "integrity": "sha512-ExO0774ikEObIAEV9kDo50o+79VCUdEB6n6lzKgGwupcVeRlhrj3qGAfwq8G6uBJjkqLrhT0qEYFcWng8z1z0g==",
        "dependencies": {
          "safe-buffer": "safe-buffer@5.1.2"
        }
      },
      "content-type@1.0.5": {
        "integrity": "sha512-nTjqfcBFEipKdXCv4YDQWCfmcLZKm81ldF0pAopTvyrFGVbcR6P/VAAd5G7N+0tTr8QqiU0tFadD6FK4NtJwOA==",
        "dependencies": {}
      },
      "cookie-signature@1.0.6": {
        "integrity": "sha512-QADzlaHc8icV8I7vbaJXJwod9HWYp8uCqf1xa4OfNu1T7JVxQIrUgOWtHdNDtPiywmFbiS12VjotIXLrKM3orQ==",
        "dependencies": {}
      },
      "cookie@0.4.0": {
        "integrity": "sha512-+Hp8fLp57wnUSt0tY0tHEXh4voZRDnoIrZPqlo3DPiI4y9lwg/jqx+1Om94/W6ZaPDOUbnjOt/99w66zk+l1Xg==",
        "dependencies": {}
      },
      "cookie@0.4.2": {
        "integrity": "sha512-aSWTXFzaKWkvHO1Ny/s+ePFpvKsPnjc551iI41v3ny/ow6tBG5Vd+FuqGNhh1LxOmVzOlGUriIlOaokOvhaStA==",
        "dependencies": {}
      },
      "cors@2.8.5": {
        "integrity": "sha512-KIHbLJqu73RGr/hnbrO9uBeixNGuvSQjul/jdFvS/KFSIH1hWVd1ng7zOHx+YrEfInLG7q4n6GHQ9cDtxv/P6g==",
        "dependencies": {
          "object-assign": "object-assign@4.1.1",
          "vary": "vary@1.1.2"
        }
      },
      "debug@2.6.9": {
        "integrity": "sha512-bC7ElrdJaJnPbAP+1EotYvqZsb3ecl5wi6Bfi6BJTUcNowp6cvspg0jXznRTKDjm/E7AdgFBVeAPVMNcKGsHMA==",
        "dependencies": {
          "ms": "ms@2.0.0"
        }
      },
      "debug@4.3.4": {
        "integrity": "sha512-PRWFHuSU3eDtQJPvnNY7Jcket1j0t5OuOsFzPPzsekD52Zl8qUfFIPEiswXqIvHWGVHOgX+7G/vCNNhehwxfkQ==",
        "dependencies": {
          "ms": "ms@2.1.2"
        }
      },
      "depd@1.1.2": {
        "integrity": "sha512-7emPTl6Dpo6JRXOXjLRxck+FlLRX5847cLKEn00PLAgc3g2hTZZgr+e4c2v6QpSmLeFP3n5yUo7ft6avBK/5jQ==",
        "dependencies": {}
      },
      "destroy@1.0.4": {
        "integrity": "sha512-3NdhDuEXnfun/z7x9GOElY49LoqVHoGScmOKwmxhsS8N5Y+Z8KyPPDnaSzqWgYt/ji4mqwfTS34Htrk0zPIXVg==",
        "dependencies": {}
      },
      "ee-first@1.1.1": {
        "integrity": "sha512-WMwm9LhRUo+WUaRN+vRuETqG89IgZphVSNkdFgeb6sS/E4OrDIN7t48CAewSHXc6C8lefD8KKfr5vY61brQlow==",
        "dependencies": {}
      },
      "encodeurl@1.0.2": {
        "integrity": "sha512-TPJXq8JqFaVYm2CWmPvnP2Iyo4ZSM7/QKcSmuMLDObfpH5fi7RUGmd/rTDf+rut/saiDiQEeVTNgAmJEdAOx0w==",
        "dependencies": {}
      },
      "engine.io-parser@5.2.1": {
        "integrity": "sha512-9JktcM3u18nU9N2Lz3bWeBgxVgOKpw7yhRaoxQA3FUDZzzw+9WlA6p4G4u0RixNkg14fH7EfEc/RhpurtiROTQ==",
        "dependencies": {}
      },
      "engine.io@6.5.4": {
        "integrity": "sha512-KdVSDKhVKyOi+r5uEabrDLZw2qXStVvCsEB/LN3mw4WFi6Gx50jTyuxYVCwAAC0U46FdnzP/ScKRBTXb/NiEOg==",
        "dependencies": {
          "@types/cookie": "@types/cookie@0.4.1",
          "@types/cors": "@types/cors@2.8.17",
          "@types/node": "@types/node@20.10.5",
          "accepts": "accepts@1.3.8",
          "base64id": "base64id@2.0.0",
          "cookie": "cookie@0.4.2",
          "cors": "cors@2.8.5",
          "debug": "debug@4.3.4",
          "engine.io-parser": "engine.io-parser@5.2.1",
          "ws": "ws@8.11.0"
        }
      },
      "escape-html@1.0.3": {
        "integrity": "sha512-NiSupZ4OeuGwr68lGIeym/ksIZMJodUGOSCZ/FSnTxcrekbvqrgdUxlJOMpijaKZVjAJrWrGs/6Jy8OMuyj9ow==",
        "dependencies": {}
      },
      "etag@1.8.1": {
        "integrity": "sha512-aIL5Fx7mawVa300al2BnEE4iNvo1qETxLrPI/o05L7z6go7fCw1J6EQmbK4FmJ2AS7kgVF/KEZWufBfdClMcPg==",
        "dependencies": {}
      },
      "express@4.17.1": {
        "integrity": "sha512-mHJ9O79RqluphRrcw2X/GTh3k9tVv8YcoyY4Kkh4WDMUYKRZUq0h1o0w2rrrxBqM7VoeUVqgb27xlEMXTnYt4g==",
        "dependencies": {
          "accepts": "accepts@1.3.8",
          "array-flatten": "array-flatten@1.1.1",
          "body-parser": "body-parser@1.19.0",
          "content-disposition": "content-disposition@0.5.3",
          "content-type": "content-type@1.0.5",
          "cookie": "cookie@0.4.0",
          "cookie-signature": "cookie-signature@1.0.6",
          "debug": "debug@2.6.9",
          "depd": "depd@1.1.2",
          "encodeurl": "encodeurl@1.0.2",
          "escape-html": "escape-html@1.0.3",
          "etag": "etag@1.8.1",
          "finalhandler": "finalhandler@1.1.2",
          "fresh": "fresh@0.5.2",
          "merge-descriptors": "merge-descriptors@1.0.1",
          "methods": "methods@1.1.2",
          "on-finished": "on-finished@2.3.0",
          "parseurl": "parseurl@1.3.3",
          "path-to-regexp": "path-to-regexp@0.1.7",
          "proxy-addr": "proxy-addr@2.0.7",
          "qs": "qs@6.7.0",
          "range-parser": "range-parser@1.2.1",
          "safe-buffer": "safe-buffer@5.1.2",
          "send": "send@0.17.1",
          "serve-static": "serve-static@1.14.1",
          "setprototypeof": "setprototypeof@1.1.1",
          "statuses": "statuses@1.5.0",
          "type-is": "type-is@1.6.18",
          "utils-merge": "utils-merge@1.0.1",
          "vary": "vary@1.1.2"
        }
      },
      "finalhandler@1.1.2": {
        "integrity": "sha512-aAWcW57uxVNrQZqFXjITpW3sIUQmHGG3qSb9mUah9MgMC4NeWhNOlNjXEYq3HjRAvL6arUviZGGJsBg6z0zsWA==",
        "dependencies": {
          "debug": "debug@2.6.9",
          "encodeurl": "encodeurl@1.0.2",
          "escape-html": "escape-html@1.0.3",
          "on-finished": "on-finished@2.3.0",
          "parseurl": "parseurl@1.3.3",
          "statuses": "statuses@1.5.0",
          "unpipe": "unpipe@1.0.0"
        }
      },
      "forwarded@0.2.0": {
        "integrity": "sha512-buRG0fpBtRHSTCOASe6hD258tEubFoRLb4ZNA6NxMVHNw2gOcwHo9wyablzMzOA5z9xA9L1KNjk/Nt6MT9aYow==",
        "dependencies": {}
      },
      "fresh@0.5.2": {
        "integrity": "sha512-zJ2mQYM18rEFOudeV4GShTGIQ7RbzA7ozbU9I/XBpm7kqgMywgmylMwXHxZJmkVoYkna9d2pVXVXPdYTP9ej8Q==",
        "dependencies": {}
      },
      "http-errors@1.7.2": {
        "integrity": "sha512-uUQBt3H/cSIVfch6i1EuPNy/YsRSOUBXTVfZ+yR7Zjez3qjBz6i9+i4zjNaoqcoFVI4lQJ5plg63TvGfRSDCRg==",
        "dependencies": {
          "depd": "depd@1.1.2",
          "inherits": "inherits@2.0.3",
          "setprototypeof": "setprototypeof@1.1.1",
          "statuses": "statuses@1.5.0",
          "toidentifier": "toidentifier@1.0.0"
        }
      },
      "iconv-lite@0.4.24": {
        "integrity": "sha512-v3MXnZAcvnywkTUEZomIActle7RXXeedOR31wwl7VlyoXO4Qi9arvSenNQWne1TcRwhCL1HwLI21bEqdpj8/rA==",
        "dependencies": {
          "safer-buffer": "safer-buffer@2.1.2"
        }
      },
      "inherits@2.0.3": {
        "integrity": "sha512-x00IRNXNy63jwGkJmzPigoySHbaqpNuzKbBOmzK+g2OdZpQ9w+sxCN+VSB3ja7IAge2OP2qpfxTjeNcyjmW1uw==",
        "dependencies": {}
      },
      "ipaddr.js@1.9.1": {
        "integrity": "sha512-0KI/607xoxSToH7GjN1FfSbLoU0+btTicjsQSWQlh/hZykN8KpmMf7uYwPW3R+akZ6R/w18ZlXSHBYXiYUPO3g==",
        "dependencies": {}
      },
      "media-typer@0.3.0": {
        "integrity": "sha512-dq+qelQ9akHpcOl/gUVRTxVIOkAJ1wR3QAvb4RsVjS8oVoFjDGTc679wJYmUmknUF5HwMLOgb5O+a3KxfWapPQ==",
        "dependencies": {}
      },
      "merge-descriptors@1.0.1": {
        "integrity": "sha512-cCi6g3/Zr1iqQi6ySbseM1Xvooa98N0w31jzUYrXPX2xqObmFGHJ0tQ5u74H3mVh7wLouTseZyYIq39g8cNp1w==",
        "dependencies": {}
      },
      "methods@1.1.2": {
        "integrity": "sha512-iclAHeNqNm68zFtnZ0e+1L2yUIdvzNoauKU4WBA3VvH/vPFieF7qfRlwUZU+DA9P9bPXIS90ulxoUoCH23sV2w==",
        "dependencies": {}
      },
      "mime-db@1.52.0": {
        "integrity": "sha512-sPU4uV7dYlvtWJxwwxHD0PuihVNiE7TyAbQ5SWxDCB9mUYvOgroQOwYQQOKPJ8CIbE+1ETVlOoK1UC2nU3gYvg==",
        "dependencies": {}
      },
      "mime-types@2.1.35": {
        "integrity": "sha512-ZDY+bPm5zTTF+YpCrAU9nK0UgICYPT0QtT1NZWFv4s++TNkcgVaT0g6+4R2uI4MjQjzysHB1zxuWL50hzaeXiw==",
        "dependencies": {
          "mime-db": "mime-db@1.52.0"
        }
      },
      "mime@1.6.0": {
        "integrity": "sha512-x0Vn8spI+wuJ1O6S7gnbaQg8Pxh4NNHb7KSINmEWKiPE4RKOplvijn+NkmYmmRgP68mc70j2EbeTFRsrswaQeg==",
        "dependencies": {}
      },
      "ms@2.0.0": {
        "integrity": "sha512-Tpp60P6IUJDTuOq/5Z8cdskzJujfwqfOTkrwIwj7IRISpnkJnT6SyJ4PCPnGMoFjC9ddhal5KVIYtAt97ix05A==",
        "dependencies": {}
      },
      "ms@2.1.1": {
        "integrity": "sha512-tgp+dl5cGk28utYktBsrFqA7HKgrhgPsg6Z/EfhWI4gl1Hwq8B/GmY/0oXZ6nF8hDVesS/FpnYaD/kOWhYQvyg==",
        "dependencies": {}
      },
      "ms@2.1.2": {
        "integrity": "sha512-sGkPx+VjMtmA6MX27oA4FBFELFCZZ4S4XqeGOXCv68tT+jb3vk/RyaKWP0PTKyWtmLSM0b+adUTEvbs1PEaH2w==",
        "dependencies": {}
      },
      "negotiator@0.6.3": {
        "integrity": "sha512-+EUsqGPLsM+j/zdChZjsnX51g4XrHFOIXwfnCVPGlQk/k5giakcKsuxCObBRu6DSm9opw/O6slWbJdghQM4bBg==",
        "dependencies": {}
      },
      "object-assign@4.1.1": {
        "integrity": "sha512-rJgTQnkUnH1sFw8yT6VSU3zD3sWmu6sZhIseY8VX+GRu3P6F7Fu+JNDoXfklElbLJSnc3FUQHVe4cU5hj+BcUg==",
        "dependencies": {}
      },
      "on-finished@2.3.0": {
        "integrity": "sha512-ikqdkGAAyf/X/gPhXGvfgAytDZtDbr+bkNUJ0N9h5MI/dmdgCs3l6hoHrcUv41sRKew3jIwrp4qQDXiK99Utww==",
        "dependencies": {
          "ee-first": "ee-first@1.1.1"
        }
      },
      "parseurl@1.3.3": {
        "integrity": "sha512-CiyeOxFT/JZyN5m0z9PfXw4SCBJ6Sygz1Dpl0wqjlhDEGGBP1GnsUVEL0p63hoG1fcj3fHynXi9NYO4nWOL+qQ==",
        "dependencies": {}
      },
      "path-to-regexp@0.1.7": {
        "integrity": "sha512-5DFkuoqlv1uYQKxy8omFBeJPQcdoE07Kv2sferDCrAq1ohOU+MSDswDIbnx3YAM60qIOnYa53wBhXW0EbMonrQ==",
        "dependencies": {}
      },
      "proxy-addr@2.0.7": {
        "integrity": "sha512-llQsMLSUDUPT44jdrU/O37qlnifitDP+ZwrmmZcoSKyLKvtZxpyV0n2/bD/N4tBAAZ/gJEdZU7KMraoK1+XYAg==",
        "dependencies": {
          "forwarded": "forwarded@0.2.0",
          "ipaddr.js": "ipaddr.js@1.9.1"
        }
      },
      "qs@6.7.0": {
        "integrity": "sha512-VCdBRNFTX1fyE7Nb6FYoURo/SPe62QCaAyzJvUjwRaIsc+NePBEniHlvxFmmX56+HZphIGtV0XeCirBtpDrTyQ==",
        "dependencies": {}
      },
      "range-parser@1.2.1": {
        "integrity": "sha512-Hrgsx+orqoygnmhFbKaHE6c296J+HTAQXoxEF6gNupROmmGJRoyzfG3ccAveqCBrwr/2yxQ5BVd/GTl5agOwSg==",
        "dependencies": {}
      },
      "raw-body@2.4.0": {
        "integrity": "sha512-4Oz8DUIwdvoa5qMJelxipzi/iJIi40O5cGV1wNYp5hvZP8ZN0T+jiNkL0QepXs+EsQ9XJ8ipEDoiH70ySUJP3Q==",
        "dependencies": {
          "bytes": "bytes@3.1.0",
          "http-errors": "http-errors@1.7.2",
          "iconv-lite": "iconv-lite@0.4.24",
          "unpipe": "unpipe@1.0.0"
        }
      },
      "safe-buffer@5.1.2": {
        "integrity": "sha512-Gd2UZBJDkXlY7GbJxfsE8/nvKkUEU1G38c1siN6QP6a9PT9MmHB8GnpscSmMJSoF8LOIrt8ud/wPtojys4G6+g==",
        "dependencies": {}
      },
      "safer-buffer@2.1.2": {
        "integrity": "sha512-YZo3K82SD7Riyi0E1EQPojLz7kpepnSQI9IyPbHHg1XXXevb5dJI7tpyN2ADxGcQbHG7vcyRHk0cbwqcQriUtg==",
        "dependencies": {}
      },
      "send@0.17.1": {
        "integrity": "sha512-BsVKsiGcQMFwT8UxypobUKyv7irCNRHk1T0G680vk88yf6LBByGcZJOTJCrTP2xVN6yI+XjPJcNuE3V4fT9sAg==",
        "dependencies": {
          "debug": "debug@2.6.9",
          "depd": "depd@1.1.2",
          "destroy": "destroy@1.0.4",
          "encodeurl": "encodeurl@1.0.2",
          "escape-html": "escape-html@1.0.3",
          "etag": "etag@1.8.1",
          "fresh": "fresh@0.5.2",
          "http-errors": "http-errors@1.7.2",
          "mime": "mime@1.6.0",
          "ms": "ms@2.1.1",
          "on-finished": "on-finished@2.3.0",
          "range-parser": "range-parser@1.2.1",
          "statuses": "statuses@1.5.0"
        }
      },
      "serve-static@1.14.1": {
        "integrity": "sha512-JMrvUwE54emCYWlTI+hGrGv5I8dEwmco/00EvkzIIsR7MqrHonbD9pO2MOfFnpFntl7ecpZs+3mW+XbQZu9QCg==",
        "dependencies": {
          "encodeurl": "encodeurl@1.0.2",
          "escape-html": "escape-html@1.0.3",
          "parseurl": "parseurl@1.3.3",
          "send": "send@0.17.1"
        }
      },
      "setprototypeof@1.1.1": {
        "integrity": "sha512-JvdAWfbXeIGaZ9cILp38HntZSFSo3mWg6xGcJJsd+d4aRMOqauag1C63dJfDw7OaMYwEbHMOxEZ1lqVRYP2OAw==",
        "dependencies": {}
      },
      "socket.io-adapter@2.5.2": {
        "integrity": "sha512-87C3LO/NOMc+eMcpcxUBebGjkpMDkNBS9tf7KJqcDsmL936EChtVva71Dw2q4tQcuVC+hAUy4an2NO/sYXmwRA==",
        "dependencies": {
          "ws": "ws@8.11.0"
        }
      },
      "socket.io-parser@4.2.4": {
        "integrity": "sha512-/GbIKmo8ioc+NIWIhwdecY0ge+qVBSMdgxGygevmdHj24bsfgtCmcUUcQ5ZzcylGFHsN3k4HB4Cgkl96KVnuew==",
        "dependencies": {
          "@socket.io/component-emitter": "@socket.io/component-emitter@3.1.0",
          "debug": "debug@4.3.4"
        }
      },
      "socket.io@4.7.2": {
        "integrity": "sha512-bvKVS29/I5fl2FGLNHuXlQaUH/BlzX1IN6S+NKLNZpBsPZIDH+90eQmCs2Railn4YUiww4SzUedJ6+uzwFnKLw==",
        "dependencies": {
          "accepts": "accepts@1.3.8",
          "base64id": "base64id@2.0.0",
          "cors": "cors@2.8.5",
          "debug": "debug@4.3.4",
          "engine.io": "engine.io@6.5.4",
          "socket.io-adapter": "socket.io-adapter@2.5.2",
          "socket.io-parser": "socket.io-parser@4.2.4"
        }
      },
      "statuses@1.5.0": {
        "integrity": "sha512-OpZ3zP+jT1PI7I8nemJX4AKmAX070ZkYPVWV/AaKTJl+tXCTGyVdC1a4SL8RUQYEwk/f34ZX8UTykN68FwrqAA==",
        "dependencies": {}
      },
      "toidentifier@1.0.0": {
        "integrity": "sha512-yaOH/Pk/VEhBWWTlhI+qXxDFXlejDGcQipMlyxda9nthulaxLZUNcUqFxokp0vcYnvteJln5FNQDRrxj3YcbVw==",
        "dependencies": {}
      },
      "type-is@1.6.18": {
        "integrity": "sha512-TkRKr9sUTxEH8MdfuCSP7VizJyzRNMjj2J2do2Jr3Kym598JVdEksuzPQCnlFPW4ky9Q+iA+ma9BGm06XQBy8g==",
        "dependencies": {
          "media-typer": "media-typer@0.3.0",
          "mime-types": "mime-types@2.1.35"
        }
      },
      "undici-types@5.26.5": {
        "integrity": "sha512-JlCMO+ehdEIKqlFxk6IfVoAUVmgz7cU7zD/h9XZ0qzeosSHmUJVOzSQvvYSYWXkFXC+IfLKSIffhv0sVZup6pA==",
        "dependencies": {}
      },
      "unpipe@1.0.0": {
        "integrity": "sha512-pjy2bYhSsufwWlKwPc+l3cN7+wuJlK6uz0YdJEOlQDbl6jo/YlPi4mb8agUkVC8BF7V8NuzeyPNqRksA3hztKQ==",
        "dependencies": {}
      },
      "utils-merge@1.0.1": {
        "integrity": "sha512-pMZTvIkT1d+TFGvDOqodOclx0QWkkgi6Tdoa8gC8ffGAAqz9pzPTZWAybbsHHoED/ztMtkv/VoYTYyShUn81hA==",
        "dependencies": {}
      },
      "vary@1.1.2": {
        "integrity": "sha512-BNGbWLfd0eUPabhkXUVm0j8uuvREyTh5ovRa/dyow/BqAbZJyC+5fU+IzQOzmAKzYqYRAISoRhdQr3eIZ/PXqg==",
        "dependencies": {}
      },
      "ws@8.11.0": {
        "integrity": "sha512-HPG3wQd9sNQoT9xHyNCXoDUa+Xw/VevmY9FoHyQ+g+rrMn4j6FB4np7Z0OhdTgjx6MgQLK7jwSy1YecU1+4Asg==",
        "dependencies": {}
      }
    }
  },
  "remote": {
    "https://deno.land/std@0.150.0/_util/assert.ts": "e94f2eb37cebd7f199952e242c77654e43333c1ac4c5c700e929ea3aa5489f74",
    "https://deno.land/std@0.150.0/async/abortable.ts": "87aa7230be8360c24ad437212311c9e8d4328854baec27b4c7abb26e85515c06",
    "https://deno.land/std@0.150.0/async/deadline.ts": "48ac998d7564969f3e6ec6b6f9bf0217ebd00239b1b2292feba61272d5dd58d0",
    "https://deno.land/std@0.150.0/async/debounce.ts": "564273ef242bcfcda19a439132f940db8694173abffc159ea34f07d18fc42620",
    "https://deno.land/std@0.150.0/async/deferred.ts": "bc18e28108252c9f67dfca2bbc4587c3cbf3aeb6e155f8c864ca8ecff992b98a",
    "https://deno.land/std@0.150.0/async/delay.ts": "cbbdf1c87d1aed8edc7bae13592fb3e27e3106e0748f089c263390d4f49e5f6c",
    "https://deno.land/std@0.150.0/async/mod.ts": "9852cd8ed897ab2d41a8fbee611d574e97898327db5c19d9d58e41126473f02c",
    "https://deno.land/std@0.150.0/async/mux_async_iterator.ts": "5b4aca6781ad0f2e19ccdf1d1a1c092ccd3e00d52050d9c27c772658c8367256",
    "https://deno.land/std@0.150.0/async/pool.ts": "ef9eb97b388543acbf0ac32647121e4dbe629236899586c4d4311a8770fbb239",
    "https://deno.land/std@0.150.0/async/tee.ts": "bcfae0017ebb718cf4eef9e2420e8675d91cb1bcc0ed9b668681af6e6caad846",
    "https://deno.land/std@0.150.0/bytes/bytes_list.ts": "aba5e2369e77d426b10af1de0dcc4531acecec27f9b9056f4f7bfbf8ac147ab4",
    "https://deno.land/std@0.150.0/bytes/equals.ts": "3c3558c3ae85526f84510aa2b48ab2ad7bdd899e2e0f5b7a8ffc85acb3a6043a",
    "https://deno.land/std@0.150.0/bytes/mod.ts": "763f97d33051cc3f28af1a688dfe2830841192a9fea0cbaa55f927b49d49d0bf",
    "https://deno.land/std@0.150.0/fmt/colors.ts": "6f9340b7fb8cc25a993a99e5efc56fe81bb5af284ff412129dd06df06f53c0b4",
    "https://deno.land/std@0.150.0/fs/exists.ts": "cb734d872f8554ea40b8bff77ad33d4143c1187eac621a55bf37781a43c56f6d",
    "https://deno.land/std@0.150.0/http/server.ts": "0b0a9f3abfcfecead944b31ee9098a0c11a59b0495bf873ee200eb80e7441483",
    "https://deno.land/std@0.150.0/io/buffer.ts": "bd0c4bf53db4b4be916ca5963e454bddfd3fcd45039041ea161dbf826817822b",
    "https://deno.land/std@0.150.0/log/handlers.ts": "b88c24df61eaeee8581dbef3622f21aebfd061cd2fda49affc1711c0e54d57da",
    "https://deno.land/std@0.150.0/log/levels.ts": "82c965b90f763b5313e7595d4ba78d5095a13646d18430ebaf547526131604d1",
    "https://deno.land/std@0.150.0/log/logger.ts": "4d25581bc02dfbe3ad7e8bb480e1f221793a85be5e056185a0cea134f7a7fdf4",
    "https://deno.land/std@0.150.0/log/mod.ts": "65d2702785714b8d41061426b5c279f11b3dcbc716f3eb5384372a430af63961",
    "https://deno.land/std@0.207.0/assert/assert.ts": "9a97dad6d98c238938e7540736b826440ad8c1c1e54430ca4c4e623e585607ee",
    "https://deno.land/std@0.207.0/assert/assertion_error.ts": "4d0bde9b374dfbcbe8ac23f54f567b77024fb67dbb1906a852d67fe050d42f56",
    "https://deno.land/std@0.207.0/cli/parse_args.ts": "9bea02050b3f302e706871ff87ecfa3ad82cc34249adbe0dcddfaac75bdb48ff",
    "https://deno.land/std@0.207.0/encoding/_util.ts": "f368920189c4fe6592ab2e93bd7ded8f3065b84f95cd3e036a4a10a75649dcba",
    "https://deno.land/std@0.207.0/encoding/base64.ts": "81c0ecff5ccb402def58ca03d8bd245bd01da15a077d3362b568e991aa10f4d9",
    "https://deno.land/std@0.207.0/fmt/bytes.ts": "f29cf69e0791d375f9f5d94ae1f0641e5a03b975f32ddf86d70f70fdf37e7b6a",
    "https://deno.land/std@0.207.0/fmt/colors.ts": "34b3f77432925eb72cf0bfb351616949746768620b8e5ead66da532f93d10ba2",
    "https://deno.land/std@0.207.0/http/etag.ts": "259abf65316c728660e34a100dcb07a1303c37ab6ca3d4ee068503c18b4358b0",
    "https://deno.land/std@0.207.0/http/file_server.ts": "8a2035a1130fab717a103375d85bf99b25ee27bede8d5a4b3ead2ece24de8b6e",
    "https://deno.land/std@0.207.0/http/status.ts": "dcbcc0f048ba8fad81228ac66e4a984c924a28c05701dddd20e0f005681d932f",
    "https://deno.land/std@0.207.0/media_types/_db.ts": "7606d83e31f23ce1a7968cbaee852810c2cf477903a095696cdc62eaab7ce570",
    "https://deno.land/std@0.207.0/media_types/_util.ts": "0879b04cc810ff18d3dcd97d361e03c9dfb29f67d7fc4a9c6c9d387282ef5fe8",
    "https://deno.land/std@0.207.0/media_types/content_type.ts": "a7a3cb6a2b6e81101637afcaa9884d655b4568ded84fa7e6169bb690a87ee2aa",
    "https://deno.land/std@0.207.0/media_types/format_media_type.ts": "f5e1073c05526a6f5a516ac5c5587a1abd043bf1039c71cde1166aa4328c8baf",
    "https://deno.land/std@0.207.0/media_types/get_charset.ts": "18b88274796fda5d353806bf409eb1d2ddb3f004eb4bd311662c4cdd8ac173db",
    "https://deno.land/std@0.207.0/media_types/parse_media_type.ts": "31ccf2388ffab31b49500bb89fa0f5de189c8897e2ee6c9954f207637d488211",
    "https://deno.land/std@0.207.0/media_types/vendor/mime-db.v1.52.0.ts": "6925bbcae81ca37241e3f55908d0505724358cda3384eaea707773b2c7e99586",
    "https://deno.land/std@0.207.0/path/_common/assert_path.ts": "061e4d093d4ba5aebceb2c4da3318bfe3289e868570e9d3a8e327d91c2958946",
    "https://deno.land/std@0.207.0/path/_common/constants.ts": "e49961f6f4f48039c0dfed3c3f93e963ca3d92791c9d478ac5b43183413136e0",
    "https://deno.land/std@0.207.0/path/_common/normalize.ts": "2ba7fb4cc9fafb0f38028f434179579ce61d4d9e51296fad22b701c3d3cd7397",
    "https://deno.land/std@0.207.0/path/_common/normalize_string.ts": "88c472f28ae49525f9fe82de8c8816d93442d46a30d6bb5063b07ff8a89ff589",
    "https://deno.land/std@0.207.0/path/_common/relative.ts": "1af19d787a2a84b8c534cc487424fe101f614982ae4851382c978ab2216186b4",
    "https://deno.land/std@0.207.0/path/_os.ts": "30b0c2875f360c9296dbe6b7f2d528f0f9c741cecad2e97f803f5219e91b40a2",
    "https://deno.land/std@0.207.0/path/extname.ts": "2da4e2490f3b48b7121d19fb4c91681a5e11bd6bd99df4f6f47d7a71bb6ecdf2",
    "https://deno.land/std@0.207.0/path/join.ts": "98d3d76c819af4a11a81d5ba2dbb319f1ce9d63fc2b615597d4bcfddd4a89a09",
    "https://deno.land/std@0.207.0/path/posix/_util.ts": "ecf49560fedd7dd376c6156cc5565cad97c1abe9824f4417adebc7acc36c93e5",
    "https://deno.land/std@0.207.0/path/posix/extname.ts": "ee7f6571a9c0a37f9218fbf510c440d1685a7c13082c348d701396cc795e0be0",
    "https://deno.land/std@0.207.0/path/posix/join.ts": "0c0d84bdc344876930126640011ec1b888e6facf74153ffad9ef26813aa2a076",
    "https://deno.land/std@0.207.0/path/posix/normalize.ts": "11de90a94ab7148cc46e5a288f7d732aade1d616bc8c862f5560fa18ff987b4b",
    "https://deno.land/std@0.207.0/path/posix/relative.ts": "e2f230608b0f083e6deaa06e063943e5accb3320c28aef8d87528fbb7fe6504c",
    "https://deno.land/std@0.207.0/path/posix/resolve.ts": "51579d83159d5c719518c9ae50812a63959bbcb7561d79acbdb2c3682236e285",
    "https://deno.land/std@0.207.0/path/relative.ts": "23d45ede8b7ac464a8299663a43488aad6b561414e7cbbe4790775590db6349c",
    "https://deno.land/std@0.207.0/path/resolve.ts": "5b184efc87155a0af9fa305ff68a109e28de9aee81fc3e77cd01380f19daf867",
    "https://deno.land/std@0.207.0/path/separator.ts": "40a3e9a4ad10bef23bc2cd6c610291b6c502a06237c2c4cd034a15ca78dedc1f",
    "https://deno.land/std@0.207.0/path/windows/_util.ts": "f32b9444554c8863b9b4814025c700492a2b57ff2369d015360970a1b1099d54",
    "https://deno.land/std@0.207.0/path/windows/join.ts": "e6600bf88edeeef4e2276e155b8de1d5dec0435fd526ba2dc4d37986b2882f16",
    "https://deno.land/std@0.207.0/path/windows/normalize.ts": "9deebbf40c81ef540b7b945d4ccd7a6a2c5a5992f791e6d3377043031e164e69",
    "https://deno.land/std@0.207.0/path/windows/relative.ts": "026855cd2c36c8f28f1df3c6fbd8f2449a2aa21f48797a74700c5d872b86d649",
    "https://deno.land/std@0.207.0/path/windows/resolve.ts": "5ff441ab18a2346abadf778121128ee71bda4d0898513d4639a6ca04edca366b",
    "https://deno.land/std@0.207.0/streams/byte_slice_stream.ts": "c46d7c74836fc8c1a9acd9fe211cbe1bbaaee1b36087c834fb03af4991135c3a",
    "https://deno.land/std@0.207.0/version.ts": "817222f05243ebc6c0cafad14b792049696644d412c04ffda103909d71b02d08",
    "https://deno.land/x/socket_io@0.1.1/deps.ts": "136b3fc7c55f2a06a367965da3395f1bf7de66d36a0d91c5f795084fa8c67ab3",
    "https://deno.land/x/socket_io@0.1.1/mod.ts": "cc52c1f6fc1a647d7ac62d22d3125063cc598e8b291b14c0d51dc66c722afb9b",
    "https://deno.land/x/socket_io@0.1.1/packages/engine.io-parser/base64-arraybuffer.ts": "57ccea6679609df5416159fcc8a47936ad28ad6fe32235ef78d9223a3a823407",
    "https://deno.land/x/socket_io@0.1.1/packages/engine.io-parser/mod.ts": "27d35094e2159ba49f6e74f11ed83b6208a6adb5a2d5ab3cbbdcdc9dc0e36ae7",
    "https://deno.land/x/socket_io@0.1.1/packages/engine.io/lib/cors.ts": "e39b530dc3526ef85f288766ce592fa5cce2ec38b3fa19922041a7885b79b67c",
    "https://deno.land/x/socket_io@0.1.1/packages/engine.io/lib/server.ts": "1321852222ccf6b656787881fe0112c2a62930beaf1a56b6f5b327511323176f",
    "https://deno.land/x/socket_io@0.1.1/packages/engine.io/lib/socket.ts": "35ca125a934df684ff9b1c9b1d22ba78ccefc1bb6d6e9f9869b6da71dc940981",
    "https://deno.land/x/socket_io@0.1.1/packages/engine.io/lib/transport.ts": "8d09ae6bde2f71942cfbae96265aa693387e054776cf2ef5a3b4f8aafa9a427f",
    "https://deno.land/x/socket_io@0.1.1/packages/engine.io/lib/transports/polling.ts": "3d3cf369eb430360b57eaf18c74fb7783a1641ed8613c460cdfa8f663ca66be4",
    "https://deno.land/x/socket_io@0.1.1/packages/engine.io/lib/transports/websocket.ts": "fd818e91e10c55b587a221669f90cc79df42574f781e50ef73bf3539fd9bcfee",
    "https://deno.land/x/socket_io@0.1.1/packages/engine.io/lib/util.ts": "9f396a141422c8a2e2ef4cbb31c8b7ec96665d8f1ca397888eaaa9ad28ca8c65",
    "https://deno.land/x/socket_io@0.1.1/packages/engine.io/mod.ts": "3f7d85ebd3bee6e17838f4867927d808f35090a71e088fd4dd802e3255d44c4a",
    "https://deno.land/x/socket_io@0.1.1/packages/event-emitter/mod.ts": "dcb2cb9c0b409060cf15a6306a8dbebea844aa3c58f782ed1d4bc3ccef7c2835",
    "https://deno.land/x/socket_io@0.1.1/packages/socket.io-parser/mod.ts": "44479cf563b0ad80efedd1059cd40114bc5db199b45e623c2764e80f4a264f8c",
    "https://deno.land/x/socket_io@0.1.1/packages/socket.io/lib/adapter.ts": "464ac4d48a1e61483a780f8c3d332e5b270e47bcc0fc352ff0776f59604730a0",
    "https://deno.land/x/socket_io@0.1.1/packages/socket.io/lib/broadcast-operator.ts": "d5bfba21db619e62537647824cdb99f1b01339e24f279ca234bae6eb405c06fc",
    "https://deno.land/x/socket_io@0.1.1/packages/socket.io/lib/client.ts": "b0d43c4b5ecad3fe26f35431ecf671910926da747fbb08bcd0ee69592f2c37be",
    "https://deno.land/x/socket_io@0.1.1/packages/socket.io/lib/namespace.ts": "0976c4368a6be4979be4aee1f8130d3a00a666d1919128a609cac425acb6ff40",
    "https://deno.land/x/socket_io@0.1.1/packages/socket.io/lib/parent-namespace.ts": "2d7f8a70498d161856aec522ae2f98727d58c5a9c252ad51a6ab5830b4fa9e2e",
    "https://deno.land/x/socket_io@0.1.1/packages/socket.io/lib/server.ts": "c8814985a7cfa0dbad70a2daee6e6893f79b2027ddac7a3e7ba433f3c779944b",
    "https://deno.land/x/socket_io@0.1.1/packages/socket.io/lib/socket.ts": "950c6002fa48f31925badf3aa4dc0edc3d3bba9a6a1a15897c0209dce148f1e4",
    "https://deno.land/x/socket_io@0.1.1/packages/socket.io/mod.ts": "b91bcfaf55f45e45b9f5a779856d8c2a07543e7f3cc89c365ed636ee6742220a"
  }
}
